
Microsoft Visual Studio Solution File, Format Version 12.00
# Visual Studio 15
Project("{FAE04EC0-301F-11D3-BF4B-00C04F79EFBC}") = "Assembly-CSharp", "Assembly-CSharp.csproj", "{9BBA04CB-D452-8B40-59E1-2EEA6D3D3A70}"
EndProject
Global
	GlobalSection(SolutionConfigurationPlatforms) = preSolution
		Debug|Any CPU = Debug|Any CPU
		Release|Any CPU = Release|Any CPU
	EndGlobalSection
	GlobalSection(ProjectConfigurationPlatforms) = postSolution
		{9BBA04CB-D452-8B40-59E1-2EEA6D3D3A70}.Debug|Any CPU.ActiveCfg = Debug|Any CPU
		{9BBA04CB-D452-8B40-59E1-2EEA6D3D3A70}.Debug|Any CPU.Build.0 = Debug|Any CPU
		{9BBA04CB-D452-8B40-59E1-2EEA6D3D3A70}.Release|Any CPU.ActiveCfg = Release|Any CPU
		{9BBA04CB-D452-8B40-59E1-2EEA6D3D3A70}.Release|Any CPU.Build.0 = Release|Any CPU
	EndGlobalSection
	GlobalSection(SolutionProperties) = preSolution
		HideSolutionNode = FALSE
	EndGlobalSection
EndGlobal
